
Microsoft Visual Studio Solution File, Format Version 12.00
# Visual Studio Version 17
VisualStudioVersion = 17.9.34622.214
MinimumVisualStudioVersion = 10.0.40219.1
Project("{FAE04EC0-301F-11D3-BF4B-00C04F79EFBC}") = "tasarımdeneme3", "tasarımdeneme3.csproj", "{C91B11BC-39D9-4397-BF3F-11244EF4AA34}"
EndProject
Global
	GlobalSection(SolutionConfigurationPlatforms) = preSolution
		Debug|Any CPU = Debug|Any CPU
		Release|Any CPU = Release|Any CPU
	EndGlobalSection
	GlobalSection(ProjectConfigurationPlatforms) = postSolution
		{C91B11BC-39D9-4397-BF3F-11244EF4AA34}.Debug|Any CPU.ActiveCfg = Debug|Any CPU
		{C91B11BC-39D9-4397-BF3F-11244EF4AA34}.Debug|Any CPU.Build.0 = Debug|Any CPU
		{C91B11BC-39D9-4397-BF3F-11244EF4AA34}.Release|Any CPU.ActiveCfg = Release|Any CPU
		{C91B11BC-39D9-4397-BF3F-11244EF4AA34}.Release|Any CPU.Build.0 = Release|Any CPU
	EndGlobalSection
	GlobalSection(SolutionProperties) = preSolution
		HideSolutionNode = FALSE
	EndGlobalSection
	GlobalSection(ExtensibilityGlobals) = postSolution
		SolutionGuid = {EB84C3C5-8E03-461A-B622-2B297C72B9A0}
	EndGlobalSection
EndGlobal
